
Microsoft Visual Studio Solution File, Format Version 12.00
# Visual Studio Version 17
VisualStudioVersion = 17.13.35828.75 d17.13
MinimumVisualStudioVersion = 10.0.40219.1
Project("{FAE04EC0-301F-11D3-BF4B-00C04F79EFBC}") = "ConsoleApp1", "ConsoleApp1.csproj", "{9928E922-E428-431A-89B8-B26856A817EE}"
EndProject
Global
	GlobalSection(SolutionConfigurationPlatforms) = preSolution
		Debug|Any CPU = Debug|Any CPU
		Release|Any CPU = Release|Any CPU
	EndGlobalSection
	GlobalSection(ProjectConfigurationPlatforms) = postSolution
		{9928E922-E428-431A-89B8-B26856A817EE}.Debug|Any CPU.ActiveCfg = Debug|Any CPU
		{9928E922-E428-431A-89B8-B26856A817EE}.Debug|Any CPU.Build.0 = Debug|Any CPU
		{9928E922-E428-431A-89B8-B26856A817EE}.Release|Any CPU.ActiveCfg = Release|Any CPU
		{9928E922-E428-431A-89B8-B26856A817EE}.Release|Any CPU.Build.0 = Release|Any CPU
	EndGlobalSection
	GlobalSection(SolutionProperties) = preSolution
		HideSolutionNode = FALSE
	EndGlobalSection
	GlobalSection(ExtensibilityGlobals) = postSolution
		SolutionGuid = {C84F8107-4C25-40AF-9B2E-70DB1164F8DC}
	EndGlobalSection
EndGlobal
